
Microsoft Visual Studio Solution File, Format Version 12.00
# Visual Studio Version 16
VisualStudioVersion = 16.0.33529.622
MinimumVisualStudioVersion = 10.0.40219.1
Project("{FAE04EC0-301F-11D3-BF4B-00C04F79EFBC}") = "Make_ET", "Make_ET\Make_ET.csproj", "{5C861AA7-BABC-492E-B1C3-050CF7CDC570}"
EndProject
Global
	GlobalSection(SolutionConfigurationPlatforms) = preSolution
		Debug|Any CPU = Debug|Any CPU
		Release|Any CPU = Release|Any CPU
	EndGlobalSection
	GlobalSection(ProjectConfigurationPlatforms) = postSolution
		{5C861AA7-BABC-492E-B1C3-050CF7CDC570}.Debug|Any CPU.ActiveCfg = Debug|Any CPU
		{5C861AA7-BABC-492E-B1C3-050CF7CDC570}.Debug|Any CPU.Build.0 = Debug|Any CPU
		{5C861AA7-BABC-492E-B1C3-050CF7CDC570}.Release|Any CPU.ActiveCfg = Release|Any CPU
		{5C861AA7-BABC-492E-B1C3-050CF7CDC570}.Release|Any CPU.Build.0 = Release|Any CPU
	EndGlobalSection
	GlobalSection(SolutionProperties) = preSolution
		HideSolutionNode = FALSE
	EndGlobalSection
	GlobalSection(ExtensibilityGlobals) = postSolution
		SolutionGuid = {9564A824-9424-4E38-983D-1EF7E6911364}
	EndGlobalSection
EndGlobal
